<?xml version="1.0" encoding="utf-8"?>
<Project ToolsVersion="4.0" xmlns="http://schemas.microsoft.com/developer/msbuild/2003">
  <ItemGroup>
    <Filter Include="Source Files">
      <UniqueIdentifier>{4FC737F1-C7A5-4376-A066-2A32D752A2FF}</UniqueIdentifier>
      <Extensions>cpp;c;cc;cxx;c++;def;odl;idl;hpj;bat;asm;asmx</Extensions>
    </Filter>
    <Filter Include="include">
      <UniqueIdentifier>{02875dd8-e4f6-4856-b67b-46a4fa34d052}</UniqueIdentifier>
    </Filter>
    <Filter Include="include\zbar">
      <UniqueIdentifier>{588a6c25-8670-4858-b539-80d39c65c6d7}</UniqueIdentifier>
    </Filter>
    <Filter Include="Header Files">
      <UniqueIdentifier>{0cf6908e-d646-4d44-b9a7-79af6ac214e3}</UniqueIdentifier>
    </Filter>
    <Filter Include="Header Files\decoder">
      <UniqueIdentifier>{f5591893-d606-4436-917f-8a40079c1880}</UniqueIdentifier>
    </Filter>
    <Filter Include="Source Files\qrcode">
      <UniqueIdentifier>{6aadf68c-63c6-4f86-9536-8b8e1ec8dd3b}</UniqueIdentifier>
    </Filter>
    <Filter Include="Header Files\qrcode">
      <UniqueIdentifier>{733194e3-6538-4fa1-9705-578239fd7e8a}</UniqueIdentifier>
    </Filter>
  </ItemGroup>
  <ItemGroup>
    <None Include="libzbar-0.def">
      <Filter>Source Files</Filter>
    </None>
  </ItemGroup>
  <ItemGroup>
    <ClInclude Include="zbar\decoder.h">
      <Filter>Header Files</Filter>
    </ClInclude>
    <ClInclude Include="include\config.h">
      <Filter>Header Files</Filter>
    </ClInclude>
    <ClInclude Include="zbar\decoder\qr_finder.h">
      <Filter>Header Files\decoder</Filter>
    </ClInclude>
    <ClInclude Include="include\zbar.h">
      <Filter>include</Filter>
    </ClInclude>
    <ClInclude Include="zbar\qrcode.h">
      <Filter>Header Files</Filter>
    </ClInclude>
    <ClInclude Include="zbar\error.h">
      <Filter>Header Files</Filter>
    </ClInclude>
    <ClInclude Include="zbar\refcnt.h">
      <Filter>Header Files</Filter>
    </ClInclude>
    <ClInclude Include="zbar\symbol.h">
      <Filter>Header Files</Filter>
    </ClInclude>
    <ClInclude Include="zbar\qrcode\isaac.h">
      <Filter>Header Files\qrcode</Filter>
    </ClInclude>
    <ClInclude Include="zbar\qrcode\rs.h">
      <Filter>Header Files\qrcode</Filter>
    </ClInclude>
    <ClInclude Include="zbar\image.h">
      <Filter>Header Files</Filter>
    </ClInclude>
    <ClInclude Include="zbar\video.h">
      <Filter>Header Files</Filter>
    </ClInclude>
    <ClInclude Include="zbar\mutex.h">
      <Filter>Header Files</Filter>
    </ClInclude>
    <ClInclude Include="zbar\timer.h">
      <Filter>Header Files</Filter>
    </ClInclude>
    <ClInclude Include="zbar\svg.h">
      <Filter>Source Files</Filter>
    </ClInclude>
    <ClInclude Include="zbar\debug.h">
      <Filter>Header Files</Filter>
    </ClInclude>
    <ClInclude Include="zbar\qrcode\qrdec.h">
      <Filter>Header Files\qrcode</Filter>
    </ClInclude>
    <ClInclude Include="zbar\qrcode\util.h">
      <Filter>Header Files\qrcode</Filter>
    </ClInclude>
    <ClInclude Include="zbar\qrcode\binarize.h">
      <Filter>Header Files\qrcode</Filter>
    </ClInclude>
  </ItemGroup>
  <ItemGroup>
    <ClCompile Include="zbar\decoder.c">
      <Filter>Source Files</Filter>
    </ClCompile>
    <ClCompile Include="zbar\img_scanner.c">
      <Filter>Source Files</Filter>
    </ClCompile>
    <ClCompile Include="zbar\scanner.c">
      <Filter>Source Files</Filter>
    </ClCompile>
    <ClCompile Include="zbar\decoder\qrdec.c">
      <Filter>Source Files\qrcode</Filter>
    </ClCompile>
    <ClCompile Include="zbar\error.c">
      <Filter>Source Files</Filter>
    </ClCompile>
    <ClCompile Include="zbar\symbol.c">
      <Filter>Source Files</Filter>
    </ClCompile>
    <ClCompile Include="zbar\decoder\qr_finder.c">
      <Filter>Source Files\qrcode</Filter>
    </ClCompile>
    <ClCompile Include="zbar\decoder\isaac.c">
      <Filter>Source Files\qrcode</Filter>
    </ClCompile>
    <ClCompile Include="zbar\qrcode\rs.c">
      <Filter>Source Files\qrcode</Filter>
    </ClCompile>
    <ClCompile Include="zbar\image.c">
      <Filter>Source Files</Filter>
    </ClCompile>
    <ClCompile Include="zbar\refcnt.c">
      <Filter>Source Files</Filter>
    </ClCompile>
    <ClCompile Include="zbar\qrcode\binarize.c">
      <Filter>Header Files\qrcode</Filter>
    </ClCompile>
  </ItemGroup>
</Project>